
Microsoft Visual Studio Solution File, Format Version 12.00
# Visual Studio Version 16
VisualStudioVersion = 16.0.31129.286
MinimumVisualStudioVersion = 10.0.40219.1
Project("{9A19103F-16F7-4668-BE54-9A1E7A4F7556}") = "Master", "Common\Master\Master.csproj", "{4F8AFBD4-F785-4CFB-B186-AF55A76CC9B3}"
EndProject
Project("{2150E333-8FDC-42A3-9474-1A3956D46DE8}") = "Client", "Client", "{1DC18CC3-B5A0-42FD-8AEA-2A806B6DD550}"
EndProject
Project("{2150E333-8FDC-42A3-9474-1A3956D46DE8}") = "Common", "Common", "{92C4E410-E207-49C6-81C9-EC43B73938D2}"
EndProject
Project("{2150E333-8FDC-42A3-9474-1A3956D46DE8}") = "Server", "Server", "{D0032BAF-9439-4DB5-B99B-3D77896BF624}"
EndProject
Project("{2150E333-8FDC-42A3-9474-1A3956D46DE8}") = "Persistence", "Persistence", "{B0C2183F-4C16-4ADA-9DFA-D73D9D062AB8}"
EndProject
Project("{9A19103F-16F7-4668-BE54-9A1E7A4F7556}") = "Tests", "Tests\Tests.csproj", "{B692437B-841B-44AC-A055-0FFF9566363D}"
EndProject
Project("{2150E333-8FDC-42A3-9474-1A3956D46DE8}") = "Solution Items", "Solution Items", "{23830F12-0DC7-41DA-9B27-FF9A6AC44ECD}"
	ProjectSection(SolutionItems) = preProject
		Directory.Build.props = Directory.Build.props
	EndProjectSection
EndProject
Project("{9A19103F-16F7-4668-BE54-9A1E7A4F7556}") = "Master", "Server\Persistence\Master\Master.csproj", "{52782896-DD1D-440A-A0FD-3FD63D42D227}"
EndProject
Project("{9A19103F-16F7-4668-BE54-9A1E7A4F7556}") = "Base", "Common\Base\Base.csproj", "{47CA79CA-AA63-4449-9961-E61BACB95281}"
EndProject
Project("{9A19103F-16F7-4668-BE54-9A1E7A4F7556}") = "Events", "Common\Events\Events.csproj", "{7D6C5407-996B-4FCD-B602-CA3CF5A9CC27}"
EndProject
Project("{9A19103F-16F7-4668-BE54-9A1E7A4F7556}") = "Events", "Server\Events\Events.csproj", "{AAEE38A8-E066-41EF-B0A8-6163732E6804}"
EndProject
Project("{2150E333-8FDC-42A3-9474-1A3956D46DE8}") = "Util", "Util", "{124129A0-FE85-4317-AC4E-F8BC9B3BD55F}"
EndProject
Project("{9A19103F-16F7-4668-BE54-9A1E7A4F7556}") = "Time", "Common\Util\Time\Time.csproj", "{955F8D4F-FA54-43CE-8366-FBEE41D31819}"
EndProject
Project("{9A19103F-16F7-4668-BE54-9A1E7A4F7556}") = "Context", "Common\Context\Context.csproj", "{94DA57DC-7AC4-4A34-8941-585AF5FCDB09}"
EndProject
Project("{9A19103F-16F7-4668-BE54-9A1E7A4F7556}") = "Context", "Context\Context\Context.csproj", "{E9C16919-8D28-462C-8CDE-AC578CCC54B9}"
EndProject
Project("{2150E333-8FDC-42A3-9474-1A3956D46DE8}") = "UseCases", "UseCases", "{15C1C546-E6B4-477D-8235-5CF47E04492A}"
EndProject
Project("{9A19103F-16F7-4668-BE54-9A1E7A4F7556}") = "CQRS", "Server\UseCases\CQRS\CQRS.csproj", "{EED02A75-1E06-4DA8-BD10-809E5B6C5D98}"
EndProject
Project("{9A19103F-16F7-4668-BE54-9A1E7A4F7556}") = "Master", "Server\UseCases\Master\Master.csproj", "{EE2CDA67-B7B7-427A-8800-365E2C56F84F}"
EndProject
Project("{9A19103F-16F7-4668-BE54-9A1E7A4F7556}") = "Store", "Server\UseCases\Store\Store.csproj", "{8DDDD2A6-9A57-4FDB-A96D-E9C4C8DE70EB}"
EndProject
Global
	GlobalSection(SolutionConfigurationPlatforms) = preSolution
		Debug|Any CPU = Debug|Any CPU
		Release|Any CPU = Release|Any CPU
	EndGlobalSection
	GlobalSection(ProjectConfigurationPlatforms) = postSolution
		{4F8AFBD4-F785-4CFB-B186-AF55A76CC9B3}.Debug|Any CPU.ActiveCfg = Debug|Any CPU
		{4F8AFBD4-F785-4CFB-B186-AF55A76CC9B3}.Debug|Any CPU.Build.0 = Debug|Any CPU
		{4F8AFBD4-F785-4CFB-B186-AF55A76CC9B3}.Release|Any CPU.ActiveCfg = Release|Any CPU
		{4F8AFBD4-F785-4CFB-B186-AF55A76CC9B3}.Release|Any CPU.Build.0 = Release|Any CPU
		{B692437B-841B-44AC-A055-0FFF9566363D}.Debug|Any CPU.ActiveCfg = Debug|Any CPU
		{B692437B-841B-44AC-A055-0FFF9566363D}.Debug|Any CPU.Build.0 = Debug|Any CPU
		{B692437B-841B-44AC-A055-0FFF9566363D}.Release|Any CPU.ActiveCfg = Release|Any CPU
		{B692437B-841B-44AC-A055-0FFF9566363D}.Release|Any CPU.Build.0 = Release|Any CPU
		{52782896-DD1D-440A-A0FD-3FD63D42D227}.Debug|Any CPU.ActiveCfg = Debug|Any CPU
		{52782896-DD1D-440A-A0FD-3FD63D42D227}.Debug|Any CPU.Build.0 = Debug|Any CPU
		{52782896-DD1D-440A-A0FD-3FD63D42D227}.Release|Any CPU.ActiveCfg = Release|Any CPU
		{52782896-DD1D-440A-A0FD-3FD63D42D227}.Release|Any CPU.Build.0 = Release|Any CPU
		{47CA79CA-AA63-4449-9961-E61BACB95281}.Debug|Any CPU.ActiveCfg = Debug|Any CPU
		{47CA79CA-AA63-4449-9961-E61BACB95281}.Debug|Any CPU.Build.0 = Debug|Any CPU
		{47CA79CA-AA63-4449-9961-E61BACB95281}.Release|Any CPU.ActiveCfg = Release|Any CPU
		{47CA79CA-AA63-4449-9961-E61BACB95281}.Release|Any CPU.Build.0 = Release|Any CPU
		{7D6C5407-996B-4FCD-B602-CA3CF5A9CC27}.Debug|Any CPU.ActiveCfg = Debug|Any CPU
		{7D6C5407-996B-4FCD-B602-CA3CF5A9CC27}.Debug|Any CPU.Build.0 = Debug|Any CPU
		{7D6C5407-996B-4FCD-B602-CA3CF5A9CC27}.Release|Any CPU.ActiveCfg = Release|Any CPU
		{7D6C5407-996B-4FCD-B602-CA3CF5A9CC27}.Release|Any CPU.Build.0 = Release|Any CPU
		{AAEE38A8-E066-41EF-B0A8-6163732E6804}.Debug|Any CPU.ActiveCfg = Debug|Any CPU
		{AAEE38A8-E066-41EF-B0A8-6163732E6804}.Debug|Any CPU.Build.0 = Debug|Any CPU
		{AAEE38A8-E066-41EF-B0A8-6163732E6804}.Release|Any CPU.ActiveCfg = Release|Any CPU
		{AAEE38A8-E066-41EF-B0A8-6163732E6804}.Release|Any CPU.Build.0 = Release|Any CPU
		{955F8D4F-FA54-43CE-8366-FBEE41D31819}.Debug|Any CPU.ActiveCfg = Debug|Any CPU
		{955F8D4F-FA54-43CE-8366-FBEE41D31819}.Debug|Any CPU.Build.0 = Debug|Any CPU
		{955F8D4F-FA54-43CE-8366-FBEE41D31819}.Release|Any CPU.ActiveCfg = Release|Any CPU
		{955F8D4F-FA54-43CE-8366-FBEE41D31819}.Release|Any CPU.Build.0 = Release|Any CPU
		{94DA57DC-7AC4-4A34-8941-585AF5FCDB09}.Debug|Any CPU.ActiveCfg = Debug|Any CPU
		{94DA57DC-7AC4-4A34-8941-585AF5FCDB09}.Debug|Any CPU.Build.0 = Debug|Any CPU
		{94DA57DC-7AC4-4A34-8941-585AF5FCDB09}.Release|Any CPU.ActiveCfg = Release|Any CPU
		{94DA57DC-7AC4-4A34-8941-585AF5FCDB09}.Release|Any CPU.Build.0 = Release|Any CPU
		{E9C16919-8D28-462C-8CDE-AC578CCC54B9}.Debug|Any CPU.ActiveCfg = Debug|Any CPU
		{E9C16919-8D28-462C-8CDE-AC578CCC54B9}.Debug|Any CPU.Build.0 = Debug|Any CPU
		{E9C16919-8D28-462C-8CDE-AC578CCC54B9}.Release|Any CPU.ActiveCfg = Release|Any CPU
		{E9C16919-8D28-462C-8CDE-AC578CCC54B9}.Release|Any CPU.Build.0 = Release|Any CPU
		{EED02A75-1E06-4DA8-BD10-809E5B6C5D98}.Debug|Any CPU.ActiveCfg = Debug|Any CPU
		{EED02A75-1E06-4DA8-BD10-809E5B6C5D98}.Debug|Any CPU.Build.0 = Debug|Any CPU
		{EED02A75-1E06-4DA8-BD10-809E5B6C5D98}.Release|Any CPU.ActiveCfg = Release|Any CPU
		{EED02A75-1E06-4DA8-BD10-809E5B6C5D98}.Release|Any CPU.Build.0 = Release|Any CPU
		{EE2CDA67-B7B7-427A-8800-365E2C56F84F}.Debug|Any CPU.ActiveCfg = Debug|Any CPU
		{EE2CDA67-B7B7-427A-8800-365E2C56F84F}.Debug|Any CPU.Build.0 = Debug|Any CPU
		{EE2CDA67-B7B7-427A-8800-365E2C56F84F}.Release|Any CPU.ActiveCfg = Release|Any CPU
		{EE2CDA67-B7B7-427A-8800-365E2C56F84F}.Release|Any CPU.Build.0 = Release|Any CPU
		{8DDDD2A6-9A57-4FDB-A96D-E9C4C8DE70EB}.Debug|Any CPU.ActiveCfg = Debug|Any CPU
		{8DDDD2A6-9A57-4FDB-A96D-E9C4C8DE70EB}.Debug|Any CPU.Build.0 = Debug|Any CPU
		{8DDDD2A6-9A57-4FDB-A96D-E9C4C8DE70EB}.Release|Any CPU.ActiveCfg = Release|Any CPU
		{8DDDD2A6-9A57-4FDB-A96D-E9C4C8DE70EB}.Release|Any CPU.Build.0 = Release|Any CPU
	EndGlobalSection
	GlobalSection(SolutionProperties) = preSolution
		HideSolutionNode = FALSE
	EndGlobalSection
	GlobalSection(NestedProjects) = preSolution
		{4F8AFBD4-F785-4CFB-B186-AF55A76CC9B3} = {92C4E410-E207-49C6-81C9-EC43B73938D2}
		{B0C2183F-4C16-4ADA-9DFA-D73D9D062AB8} = {D0032BAF-9439-4DB5-B99B-3D77896BF624}
		{52782896-DD1D-440A-A0FD-3FD63D42D227} = {B0C2183F-4C16-4ADA-9DFA-D73D9D062AB8}
		{47CA79CA-AA63-4449-9961-E61BACB95281} = {92C4E410-E207-49C6-81C9-EC43B73938D2}
		{7D6C5407-996B-4FCD-B602-CA3CF5A9CC27} = {92C4E410-E207-49C6-81C9-EC43B73938D2}
		{AAEE38A8-E066-41EF-B0A8-6163732E6804} = {D0032BAF-9439-4DB5-B99B-3D77896BF624}
		{124129A0-FE85-4317-AC4E-F8BC9B3BD55F} = {92C4E410-E207-49C6-81C9-EC43B73938D2}
		{955F8D4F-FA54-43CE-8366-FBEE41D31819} = {124129A0-FE85-4317-AC4E-F8BC9B3BD55F}
		{94DA57DC-7AC4-4A34-8941-585AF5FCDB09} = {92C4E410-E207-49C6-81C9-EC43B73938D2}
		{E9C16919-8D28-462C-8CDE-AC578CCC54B9} = {D0032BAF-9439-4DB5-B99B-3D77896BF624}
		{15C1C546-E6B4-477D-8235-5CF47E04492A} = {D0032BAF-9439-4DB5-B99B-3D77896BF624}
		{EED02A75-1E06-4DA8-BD10-809E5B6C5D98} = {15C1C546-E6B4-477D-8235-5CF47E04492A}
		{EE2CDA67-B7B7-427A-8800-365E2C56F84F} = {15C1C546-E6B4-477D-8235-5CF47E04492A}
		{8DDDD2A6-9A57-4FDB-A96D-E9C4C8DE70EB} = {15C1C546-E6B4-477D-8235-5CF47E04492A}
	EndGlobalSection
	GlobalSection(ExtensibilityGlobals) = postSolution
		SolutionGuid = {D930A43B-A125-4A87-934E-3C656E545EBD}
	EndGlobalSection
EndGlobal
